# THIS IS AN AUTOGENERATED FILE. DO NOT EDIT THIS FILE DIRECTLY.
# yarn lockfile v1


vue-i18n@^8.14.1:
  version "8.14.1"
  resolved "https://registry.npmjs.org/vue-i18n/-/vue-i18n-8.14.1.tgz#0ca0a2742c14e0144481655157fffcc7cc313e50"
  integrity sha512-uHzw5GTFyf/TmjJXveSl3L4CG61KI4lvhKOQvx8W4Y8P2LZ3v3l/qw4KRs1C6pWyjkfY9p0rezYNFO5YzMEQ8A==
